// !$*UTF8*$!
{
	archiveVersion = 1;
	classes = {
	};
	objectVersion = 46;
	objects = {

/* Begin PBXBuildFile section */
		789AB8421CF0AF0F00D4F743 /* main.m in Sources */ = {isa = PBXBuildFile; fileRef = 789AB8411CF0AF0F00D4F743 /* main.m */; };
		789AB8451CF0AF0F00D4F743 /* AppDelegate.m in Sources */ = {isa = PBXBuildFile; fileRef = 789AB8441CF0AF0F00D4F743 /* AppDelegate.m */; };
		789AB84D1CF0AF0F00D4F743 /* Assets.xcassets in Resources */ = {isa = PBXBuildFile; fileRef = 789AB84C1CF0AF0F00D4F743 /* Assets.xcassets */; };
		789AB8501CF0AF0F00D4F743 /* LaunchScreen.storyboard in Resources */ = {isa = PBXBuildFile; fileRef = 789AB84E1CF0AF0F00D4F743 /* LaunchScreen.storyboard */; };
		789AB8581CF0B20700D4F743 /* Storyboard.storyboard in Resources */ = {isa = PBXBuildFile; fileRef = 789AB8571CF0B20700D4F743 /* Storyboard.storyboard */; };
		789AB85B1CF0B48200D4F743 /* RememberListTableViewController.m in Sources */ = {isa = PBXBuildFile; fileRef = 789AB85A1CF0B48200D4F743 /* RememberListTableViewController.m */; };
		789AB85E1CF0B65F00D4F743 /* ItemObject.m in Sources */ = {isa = PBXBuildFile; fileRef = 789AB85D1CF0B65F00D4F743 /* ItemObject.m */; };
		789AB8611CF0CC1400D4F743 /* AddItemViewController.m in Sources */ = {isa = PBXBuildFile; fileRef = 789AB8601CF0CC1400D4F743 /* AddItemViewController.m */; };
/* End PBXBuildFile section */

/* Begin PBXFileReference section */
		789AB83D1CF0AF0F00D4F743 /* RememberList.app */ = {isa = PBXFileReference; explicitFileType = wrapper.application; includeInIndex = 0; path = RememberList.app; sourceTree = BUILT_PRODUCTS_DIR; };
		789AB8411CF0AF0F00D4F743 /* main.m */ = {isa = PBXFileReference; lastKnownFileType = sourcecode.c.objc; path = main.m; sourceTree = "<group>"; };
		789AB8431CF0AF0F00D4F743 /* AppDelegate.h */ = {isa = PBXFileReference; lastKnownFileType = sourcecode.c.h; path = AppDelegate.h; sourceTree = "<group>"; };
		789AB8441CF0AF0F00D4F743 /* AppDelegate.m */ = {isa = PBXFileReference; lastKnownFileType = sourcecode.c.objc; path = AppDelegate.m; sourceTree = "<group>"; };
		789AB84C1CF0AF0F00D4F743 /* Assets.xcassets */ = {isa = PBXFileReference; lastKnownFileType = folder.assetcatalog; path = Assets.xcassets; sourceTree = "<group>"; };
		789AB84F1CF0AF0F00D4F743 /* Base */ = {isa = PBXFileReference; lastKnownFileType = file.storyboard; name = Base; path = Base.lproj/LaunchScreen.storyboard; sourceTree = "<group>"; };
		789AB8511CF0AF0F00D4F743 /* Info.plist */ = {isa = PBXFileReference; lastKnownFileType = text.plist.xml; path = Info.plist; sourceTree = "<group>"; };
		789AB8571CF0B20700D4F743 /* Storyboard.storyboard */ = {isa = PBXFileReference; fileEncoding = 4; lastKnownFileType = file.storyboard; path = Storyboard.storyboard; sourceTree = "<group>"; };
		789AB8591CF0B48200D4F743 /* RememberListTableViewController.h */ = {isa = PBXFileReference; fileEncoding = 4; lastKnownFileType = sourcecode.c.h; path = RememberListTableViewController.h; sourceTree = "<group>"; };
		789AB85A1CF0B48200D4F743 /* RememberListTableViewController.m */ = {isa = PBXFileReference; fileEncoding = 4; lastKnownFileType = sourcecode.c.objc; path = RememberListTableViewController.m; sourceTree = "<group>"; };
		789AB85C1CF0B65F00D4F743 /* ItemObject.h */ = {isa = PBXFileReference; fileEncoding = 4; lastKnownFileType = sourcecode.c.h; path = ItemObject.h; sourceTree = "<group>"; };
		789AB85D1CF0B65F00D4F743 /* ItemObject.m */ = {isa = PBXFileReference; fileEncoding = 4; lastKnownFileType = sourcecode.c.objc; path = ItemObject.m; sourceTree = "<group>"; };
		789AB85F1CF0CC1400D4F743 /* AddItemViewController.h */ = {isa = PBXFileReference; fileEncoding = 4; lastKnownFileType = sourcecode.c.h; path = AddItemViewController.h; sourceTree = "<group>"; };
		789AB8601CF0CC1400D4F743 /* AddItemViewController.m */ = {isa = PBXFileReference; fileEncoding = 4; lastKnownFileType = sourcecode.c.objc; path = AddItemViewController.m; sourceTree = "<group>"; };
/* End PBXFileReference section */

/* Begin PBXFrameworksBuildPhase section */
		789AB83A1CF0AF0F00D4F743 /* Frameworks */ = {
			isa = PBXFrameworksBuildPhase;
			buildActionMask = 2147483647;
			files = (
			);
			runOnlyForDeploymentPostprocessing = 0;
		};
/* End PBXFrameworksBuildPhase section */

/* Begin PBXGroup section */
		789AB8341CF0AF0F00D4F743 = {
			isa = PBXGroup;
			children = (
				789AB83F1CF0AF0F00D4F743 /* RememberList */,
				789AB83E1CF0AF0F00D4F743 /* Products */,
			);
			sourceTree = "<group>";
		};
		789AB83E1CF0AF0F00D4F743 /* Products */ = {
			isa = PBXGroup;
			children = (
				789AB83D1CF0AF0F00D4F743 /* RememberList.app */,
			);
			name = Products;
			sourceTree = "<group>";
		};
		789AB83F1CF0AF0F00D4F743 /* RememberList */ = {
			isa = PBXGroup;
			children = (
				789AB8431CF0AF0F00D4F743 /* AppDelegate.h */,
				789AB8441CF0AF0F00D4F743 /* AppDelegate.m */,
				789AB8571CF0B20700D4F743 /* Storyboard.storyboard */,
				789AB85C1CF0B65F00D4F743 /* ItemObject.h */,
				789AB85D1CF0B65F00D4F743 /* ItemObject.m */,
				789AB8591CF0B48200D4F743 /* RememberListTableViewController.h */,
				789AB85A1CF0B48200D4F743 /* RememberListTableViewController.m */,
				789AB85F1CF0CC1400D4F743 /* AddItemViewController.h */,
				789AB8601CF0CC1400D4F743 /* AddItemViewController.m */,
				789AB84C1CF0AF0F00D4F743 /* Assets.xcassets */,
				789AB84E1CF0AF0F00D4F743 /* LaunchScreen.storyboard */,
				789AB8511CF0AF0F00D4F743 /* Info.plist */,
				789AB8401CF0AF0F00D4F743 /* Supporting Files */,
			);
			path = RememberList;
			sourceTree = "<group>";
		};
		789AB8401CF0AF0F00D4F743 /* Supporting Files */ = {
			isa = PBXGroup;
			children = (
				789AB8411CF0AF0F00D4F743 /* main.m */,
			);
			name = "Supporting Files";
			sourceTree = "<group>";
		};
/* End PBXGroup section */

/* Begin PBXNativeTarget section */
		789AB83C1CF0AF0F00D4F743 /* RememberList */ = {
			isa = PBXNativeTarget;
			buildConfigurationList = 789AB8541CF0AF0F00D4F743 /* Build configuration list for PBXNativeTarget "RememberList" */;
			buildPhases = (
				789AB8391CF0AF0F00D4F743 /* Sources */,
				789AB83A1CF0AF0F00D4F743 /* Frameworks */,
				789AB83B1CF0AF0F00D4F743 /* Resources */,
			);
			buildRules = (
			);
			dependencies = (
			);
			name = RememberList;
			productName = RememberList;
			productReference = 789AB83D1CF0AF0F00D4F743 /* RememberList.app */;
			productType = "com.apple.product-type.application";
		};
/* End PBXNativeTarget section */

/* Begin PBXProject section */
		789AB8351CF0AF0F00D4F743 /* Project object */ = {
			isa = PBXProject;
			attributes = {
				LastUpgradeCheck = 0730;
				ORGANIZATIONNAME = "Cesar Brenes";
				TargetAttributes = {
					789AB83C1CF0AF0F00D4F743 = {
						CreatedOnToolsVersion = 7.3.1;
					};
				};
			};
			buildConfigurationList = 789AB8381CF0AF0F00D4F743 /* Build configuration list for PBXProject "RememberList" */;
			compatibilityVersion = "Xcode 3.2";
			developmentRegion = English;
			hasScannedForEncodings = 0;
			knownRegions = (
				en,
				Base,
			);
			mainGroup = 789AB8341CF0AF0F00D4F743;
			productRefGroup = 789AB83E1CF0AF0F00D4F743 /* Products */;
			projectDirPath = "";
			projectRoot = "";
			targets = (
				789AB83C1CF0AF0F00D4F743 /* RememberList */,
			);
		};
/* End PBXProject section */

/* Begin PBXResourcesBuildPhase section */
		789AB83B1CF0AF0F00D4F743 /* Resources */ = {
			isa = PBXResourcesBuildPhase;
			buildActionMask = 2147483647;
			files = (
				789AB8501CF0AF0F00D4F743 /* LaunchScreen.storyboard in Resources */,
				789AB84D1CF0AF0F00D4F743 /* Assets.xcassets in Resources */,
				789AB8581CF0B20700D4F743 /* Storyboard.storyboard in Resources */,
			);
			runOnlyForDeploymentPostprocessing = 0;
		};
/* End PBXResourcesBuildPhase section */

/* Begin PBXSourcesBuildPhase section */
		789AB8391CF0AF0F00D4F743 /* Sources */ = {
			isa = PBXSourcesBuildPhase;
			buildActionMask = 2147483647;
			files = (
				789AB8451CF0AF0F00D4F743 /* AppDelegate.m in Sources */,
				789AB85E1CF0B65F00D4F743 /* ItemObject.m in Sources */,
				789AB8421CF0AF0F00D4F743 /* main.m in Sources */,
				789AB8611CF0CC1400D4F743 /* AddItemViewController.m in Sources */,
				789AB85B1CF0B48200D4F743 /* RememberListTableViewController.m in Sources */,
			);
			runOnlyForDeploymentPostprocessing = 0;
		};
/* End PBXSourcesBuildPhase section */

/* Begin PBXVariantGroup section */
		789AB84E1CF0AF0F00D4F743 /* LaunchScreen.storyboard */ = {
			isa = PBXVariantGroup;
			children = (
				789AB84F1CF0AF0F00D4F743 /* Base */,
			);
			name = LaunchScreen.storyboard;
			sourceTree = "<group>";
		};
/* End PBXVariantGroup section */

/* Begin XCBuildConfiguration section */
		789AB8521CF0AF0F00D4F743 /* Debug */ = {
			isa = XCBuildConfiguration;
			buildSettings = {
				ALWAYS_SEARCH_USER_PATHS = NO;
				CLANG_ANALYZER_NONNULL = YES;
				CLANG_CXX_LANGUAGE_STANDARD = "gnu++0x";
				CLANG_CXX_LIBRARY = "libc++";
				CLANG_ENABLE_MODULES = YES;
				CLANG_ENABLE_OBJC_ARC = YES;
				CLANG_WARN_BOOL_CONVERSION = YES;
				CLANG_WARN_CONSTANT_CONVERSION = YES;
				CLANG_WARN_DIRECT_OBJC_ISA_USAGE = YES_ERROR;
				CLANG_WARN_EMPTY_BODY = YES;
				CLANG_WARN_ENUM_CONVERSION = YES;
				CLANG_WARN_INT_CONVERSION = YES;
				CLANG_WARN_OBJC_ROOT_CLASS = YES_ERROR;
				CLANG_WARN_UNREACHABLE_CODE = YES;
				CLANG_WARN__DUPLICATE_METHOD_MATCH = YES;
				"CODE_SIGN_IDENTITY[sdk=iphoneos*]" = "iPhone Developer";
				COPY_PHASE_STRIP = NO;
				DEBUG_INFORMATION_FORMAT = dwarf;
				ENABLE_STRICT_OBJC_MSGSEND = YES;
				ENABLE_TESTABILITY = YES;
				GCC_C_LANGUAGE_STANDARD = gnu99;
				GCC_DYNAMIC_NO_PIC = NO;
				GCC_NO_COMMON_BLOCKS = YES;
				GCC_OPTIMIZATION_LEVEL = 0;
				GCC_PREPROCESSOR_DEFINITIONS = (
					"DEBUG=1",
					"$(inherited)",
				);
				GCC_WARN_64_TO_32_BIT_CONVERSION = YES;
				GCC_WARN_ABOUT_RETURN_TYPE = YES_ERROR;
				GCC_WARN_UNDECLARED_SELECTOR = YES;
				GCC_WARN_UNINITIALIZED_AUTOS = YES_AGGRESSIVE;
				GCC_WARN_UNUSED_FUNCTION = YES;
				GCC_WARN_UNUSED_VARIABLE = YES;
				IPHONEOS_DEPLOYMENT_TARGET = 9.3;
				MTL_ENABLE_DEBUG_INFO = YES;
				ONLY_ACTIVE_ARCH = YES;
				SDKROOT = iphoneos;
			};
			name = Debug;
		};
		789AB8531CF0AF0F00D4F743 /* Release */ = {
			isa = XCBuildConfiguration;
			buildSettings = {
				ALWAYS_SEARCH_USER_PATHS = NO;
				CLANG_ANALYZER_NONNULL = YES;
				CLANG_CXX_LANGUAGE_STANDARD = "gnu++0x";
				CLANG_CXX_LIBRARY = "libc++";
				CLANG_ENABLE_MODULES = YES;
				CLANG_ENABLE_OBJC_ARC = YES;
				CLANG_WARN_BOOL_CONVERSION = YES;
				CLANG_WARN_CONSTANT_CONVERSION = YES;
				CLANG_WARN_DIRECT_OBJC_ISA_USAGE = YES_ERROR;
				CLANG_WARN_EMPTY_BODY = YES;
				CLANG_WARN_ENUM_CONVERSION = YES;
				CLANG_WARN_INT_CONVERSION = YES;
				CLANG_WARN_OBJC_ROOT_CLASS = YES_ERROR;
				CLANG_WARN_UNREACHABLE_CODE = YES;
				CLANG_WARN__DUPLICATE_METHOD_MATCH = YES;
				"CODE_SIGN_IDENTITY[sdk=iphoneos*]" = "iPhone Developer";
				COPY_PHASE_STRIP = NO;
				DEBUG_INFORMATION_FORMAT = "dwarf-with-dsym";
				ENABLE_NS_ASSERTIONS = NO;
				ENABLE_STRICT_OBJC_MSGSEND = YES;
				GCC_C_LANGUAGE_STANDARD = gnu99;
				GCC_NO_COMMON_BLOCKS = YES;
				GCC_WARN_64_TO_32_BIT_CONVERSION = YES;
				GCC_WARN_ABOUT_RETURN_TYPE = YES_ERROR;
				GCC_WARN_UNDECLARED_SELECTOR = YES;
				GCC_WARN_UNINITIALIZED_AUTOS = YES_AGGRESSIVE;
				GCC_WARN_UNUSED_FUNCTION = YES;
				GCC_WARN_UNUSED_VARIABLE = YES;
				IPHONEOS_DEPLOYMENT_TARGET = 9.3;
				MTL_ENABLE_DEBUG_INFO = NO;
				SDKROOT = iphoneos;
				VALIDATE_PRODUCT = YES;
			};
			name = Release;
		};
		789AB8551CF0AF0F00D4F743 /* Debug */ = {
			isa = XCBuildConfiguration;
			buildSettings = {
				ASSETCATALOG_COMPILER_APPICON_NAME = AppIcon;
				INFOPLIST_FILE = RememberList/Info.plist;
				IPHONEOS_DEPLOYMENT_TARGET = 9.0;
				LD_RUNPATH_SEARCH_PATHS = "$(inherited) @executable_path/Frameworks";
				PRODUCT_BUNDLE_IDENTIFIER = com.veuxlabs.RememberList;
				PRODUCT_NAME = "$(TARGET_NAME)";
			};
			name = Debug;
		};
		789AB8561CF0AF0F00D4F743 /* Release */ = {
			isa = XCBuildConfiguration;
			buildSettings = {
				ASSETCATALOG_COMPILER_APPICON_NAME = AppIcon;
				INFOPLIST_FILE = RememberList/Info.plist;
				IPHONEOS_DEPLOYMENT_TARGET = 9.0;
				LD_RUNPATH_SEARCH_PATHS = "$(inherited) @executable_path/Frameworks";
				PRODUCT_BUNDLE_IDENTIFIER = com.veuxlabs.RememberList;
				PRODUCT_NAME = "$(TARGET_NAME)";
			};
			name = Release;
		};
/* End XCBuildConfiguration section */

/* Begin XCConfigurationList section */
		789AB8381CF0AF0F00D4F743 /* Build configuration list for PBXProject "RememberList" */ = {
			isa = XCConfigurationList;
			buildConfigurations = (
				789AB8521CF0AF0F00D4F743 /* Debug */,
				789AB8531CF0AF0F00D4F743 /* Release */,
			);
			defaultConfigurationIsVisible = 0;
			defaultConfigurationName = Release;
		};
		789AB8541CF0AF0F00D4F743 /* Build configuration list for PBXNativeTarget "RememberList" */ = {
			isa = XCConfigurationList;
			buildConfigurations = (
				789AB8551CF0AF0F00D4F743 /* Debug */,
				789AB8561CF0AF0F00D4F743 /* Release */,
			);
			defaultConfigurationIsVisible = 0;
		};
/* End XCConfigurationList section */
	};
	rootObject = 789AB8351CF0AF0F00D4F743 /* Project object */;
}
