PODS:
  - AFNetworking (3.1.0):
    - AFNetworking/NSURLSession (= 3.1.0)
    - AFNetworking/Reachability (= 3.1.0)
    - AFNetworking/Security (= 3.1.0)
    - AFNetworking/Serialization (= 3.1.0)
    - AFNetworking/UIKit (= 3.1.0)
  - AFNetworking/NSURLSession (3.1.0):
    - AFNetworking/Reachability
    - AFNetworking/Security
    - AFNetworking/Serialization
  - AFNetworking/Reachability (3.1.0)
  - AFNetworking/Security (3.1.0)
  - AFNetworking/Serialization (3.1.0)
  - AFNetworking/UIKit (3.1.0):
    - AFNetworking/NSURLSession
  - BIZPopupView (1.0.0):
    - TPKeyboardAvoiding
  - RNActivityView (0.0.6)
  - TPKeyboardAvoiding (1.3)

DEPENDENCIES:
  - AFNetworking (~> 3.0)
  - BIZPopupView
  - RNActivityView

SPEC CHECKSUMS:
  AFNetworking: 5e0e199f73d8626b11e79750991f5d173d1f8b67
  BIZPopupView: 2f16ecbc852baa16e1ef20b67abaa831909ec994
  RNActivityView: 889126dc047fc6fa10aac88a13ebff677c53bf82
  TPKeyboardAvoiding: a5138f318c06fb3e151f886e18ce4a72695d9cbe

PODFILE CHECKSUM: b142dad74c32ca61ec0ec273af94b406081ac70d

COCOAPODS: 1.0.0
